PODS:
  - LDZFCategories (0.1.14):
    - LDZFCategories/Foundation (= 0.1.14)
    - LDZFCategories/QuartzCore (= 0.1.14)
    - LDZFCategories/UIKit (= 0.1.14)
    - LDZFCategories/UnSure (= 0.1.14)
  - LDZFCategories/Foundation (0.1.14)
  - LDZFCategories/QuartzCore (0.1.14)
  - LDZFCategories/UIKit (0.1.14)
  - LDZFCategories/UnSure (0.1.14)

DEPENDENCIES:
  - LDZFCategories (from `../`)

EXTERNAL SOURCES:
  LDZFCategories:
    :path: "../"

SPEC CHECKSUMS:
  LDZFCategories: 6e87fd34ba5579aed38f52e915e477960bdb5067

PODFILE CHECKSUM: e343686ffeab6c9e799d3f753b95f174804c802e

COCOAPODS: 1.11.2
