PODS:
  - LDZFCategories (0.1.16):
    - LDZFCategories/Foundation (= 0.1.16)
    - LDZFCategories/QuartzCore (= 0.1.16)
    - LDZFCategories/UIKit (= 0.1.16)
    - LDZFCategories/UnSure (= 0.1.16)
  - LDZFCategories/Foundation (0.1.16)
  - LDZFCategories/QuartzCore (0.1.16)
  - LDZFCategories/UIKit (0.1.16)
  - LDZFCategories/UnSure (0.1.16)

DEPENDENCIES:
  - LDZFCategories (from `../`)

EXTERNAL SOURCES:
  LDZFCategories:
    :path: "../"

SPEC CHECKSUMS:
  LDZFCategories: 386ab20fb947cc913d8e642ad93e12435004cb98

PODFILE CHECKSUM: e343686ffeab6c9e799d3f753b95f174804c802e

COCOAPODS: 1.11.2
