PODS:
  - LDZFCategories (0.1.11):
    - LDZFCategories/Foundation (= 0.1.11)
    - LDZFCategories/QuartzCore (= 0.1.11)
    - LDZFCategories/UIKit (= 0.1.11)
    - LDZFCategories/UnSure (= 0.1.11)
  - LDZFCategories/Foundation (0.1.11)
  - LDZFCategories/QuartzCore (0.1.11)
  - LDZFCategories/UIKit (0.1.11)
  - LDZFCategories/UnSure (0.1.11)

DEPENDENCIES:
  - LDZFCategories (from `../`)

EXTERNAL SOURCES:
  LDZFCategories:
    :path: "../"

SPEC CHECKSUMS:
  LDZFCategories: db4209181b7614b568504a9bc2c1554df3ab8e69

PODFILE CHECKSUM: e343686ffeab6c9e799d3f753b95f174804c802e

COCOAPODS: 1.11.2
